// !$*UTF8*$!
{
	archiveVersion = 1;
	classes = {
	};
	objectVersion = 46;
	objects = {

/* Begin PBXBuildFile section */
		BC63281A1BCB5B01004EA4DA /* main.m in Sources */ = {isa = PBXBuildFile; fileRef = BC6328191BCB5B01004EA4DA /* main.m */; };
		BC63281D1BCB5B01004EA4DA /* AppDelegate.m in Sources */ = {isa = PBXBuildFile; fileRef = BC63281C1BCB5B01004EA4DA /* AppDelegate.m */; };
		BC6328201BCB5B01004EA4DA /* ViewController.m in Sources */ = {isa = PBXBuildFile; fileRef = BC63281F1BCB5B01004EA4DA /* ViewController.m */; };
		BC6328231BCB5B01004EA4DA /* Main.storyboard in Resources */ = {isa = PBXBuildFile; fileRef = BC6328211BCB5B01004EA4DA /* Main.storyboard */; };
		BC6328251BCB5B01004EA4DA /* Images.xcassets in Resources */ = {isa = PBXBuildFile; fileRef = BC6328241BCB5B01004EA4DA /* Images.xcassets */; };
		BC6328281BCB5B01004EA4DA /* LaunchScreen.xib in Resources */ = {isa = PBXBuildFile; fileRef = BC6328261BCB5B01004EA4DA /* LaunchScreen.xib */; };
		BC6328341BCB5B02004EA4DA /* GitDemoTests.m in Sources */ = {isa = PBXBuildFile; fileRef = BC6328331BCB5B02004EA4DA /* GitDemoTests.m */; };
/* End PBXBuildFile section */

/* Begin PBXContainerItemProxy section */
		BC63282E1BCB5B02004EA4DA /* PBXContainerItemProxy */ = {
			isa = PBXContainerItemProxy;
			containerPortal = BC63280C1BCB5B01004EA4DA /* Project object */;
			proxyType = 1;
			remoteGlobalIDString = BC6328131BCB5B01004EA4DA;
			remoteInfo = GitDemo;
		};
/* End PBXContainerItemProxy section */

/* Begin PBXFileReference section */
		BC6328141BCB5B01004EA4DA /* GitDemo.app */ = {isa = PBXFileReference; explicitFileType = wrapper.application; includeInIndex = 0; path = GitDemo.app; sourceTree = BUILT_PRODUCTS_DIR; };
		BC6328181BCB5B01004EA4DA /* Info.plist */ = {isa = PBXFileReference; lastKnownFileType = text.plist.xml; path = Info.plist; sourceTree = "<group>"; };
		BC6328191BCB5B01004EA4DA /* main.m */ = {isa = PBXFileReference; lastKnownFileType = sourcecode.c.objc; path = main.m; sourceTree = "<group>"; };
		BC63281B1BCB5B01004EA4DA /* AppDelegate.h */ = {isa = PBXFileReference; lastKnownFileType = sourcecode.c.h; path = AppDelegate.h; sourceTree = "<group>"; };
		BC63281C1BCB5B01004EA4DA /* AppDelegate.m */ = {isa = PBXFileReference; lastKnownFileType = sourcecode.c.objc; path = AppDelegate.m; sourceTree = "<group>"; };
		BC63281E1BCB5B01004EA4DA /* ViewController.h */ = {isa = PBXFileReference; lastKnownFileType = sourcecode.c.h; path = ViewController.h; sourceTree = "<group>"; };
		BC63281F1BCB5B01004EA4DA /* ViewController.m */ = {isa = PBXFileReference; lastKnownFileType = sourcecode.c.objc; path = ViewController.m; sourceTree = "<group>"; };
		BC6328221BCB5B01004EA4DA /* Base */ = {isa = PBXFileReference; lastKnownFileType = file.storyboard; name = Base; path = Base.lproj/Main.storyboard; sourceTree = "<group>"; };
		BC6328241BCB5B01004EA4DA /* Images.xcassets */ = {isa = PBXFileReference; lastKnownFileType = folder.assetcatalog; path = Images.xcassets; sourceTree = "<group>"; };
		BC6328271BCB5B01004EA4DA /* Base */ = {isa = PBXFileReference; lastKnownFileType = file.xib; name = Base; path = Base.lproj/LaunchScreen.xib; sourceTree = "<group>"; };
		BC63282D1BCB5B02004EA4DA /* GitDemoTests.xctest */ = {isa = PBXFileReference; explicitFileType = wrapper.cfbundle; includeInIndex = 0; path = GitDemoTests.xctest; sourceTree = BUILT_PRODUCTS_DIR; };
		BC6328321BCB5B02004EA4DA /* Info.plist */ = {isa = PBXFileReference; lastKnownFileType = text.plist.xml; path = Info.plist; sourceTree = "<group>"; };
		BC6328331BCB5B02004EA4DA /* GitDemoTests.m */ = {isa = PBXFileReference; lastKnownFileType = sourcecode.c.objc; path = GitDemoTests.m; sourceTree = "<group>"; };
/* End PBXFileReference section */

/* Begin PBXFrameworksBuildPhase section */
		BC6328111BCB5B01004EA4DA /* Frameworks */ = {
			isa = PBXFrameworksBuildPhase;
			buildActionMask = 2147483647;
			files = (
			);
			runOnlyForDeploymentPostprocessing = 0;
		};
		BC63282A1BCB5B02004EA4DA /* Frameworks */ = {
			isa = PBXFrameworksBuildPhase;
			buildActionMask = 2147483647;
			files = (
			);
			runOnlyForDeploymentPostprocessing = 0;
		};
/* End PBXFrameworksBuildPhase section */

/* Begin PBXGroup section */
		BC63280B1BCB5B01004EA4DA = {
			isa = PBXGroup;
			children = (
				BC6328161BCB5B01004EA4DA /* GitDemo */,
				BC6328301BCB5B02004EA4DA /* GitDemoTests */,
				BC6328151BCB5B01004EA4DA /* Products */,
			);
			sourceTree = "<group>";
		};
		BC6328151BCB5B01004EA4DA /* Products */ = {
			isa = PBXGroup;
			children = (
				BC6328141BCB5B01004EA4DA /* GitDemo.app */,
				BC63282D1BCB5B02004EA4DA /* GitDemoTests.xctest */,
			);
			name = Products;
			sourceTree = "<group>";
		};
		BC6328161BCB5B01004EA4DA /* GitDemo */ = {
			isa = PBXGroup;
			children = (
				BC63281B1BCB5B01004EA4DA /* AppDelegate.h */,
				BC63281C1BCB5B01004EA4DA /* AppDelegate.m */,
				BC63281E1BCB5B01004EA4DA /* ViewController.h */,
				BC63281F1BCB5B01004EA4DA /* ViewController.m */,
				BC6328211BCB5B01004EA4DA /* Main.storyboard */,
				BC6328241BCB5B01004EA4DA /* Images.xcassets */,
				BC6328261BCB5B01004EA4DA /* LaunchScreen.xib */,
				BC6328171BCB5B01004EA4DA /* Supporting Files */,
			);
			path = GitDemo;
			sourceTree = "<group>";
		};
		BC6328171BCB5B01004EA4DA /* Supporting Files */ = {
			isa = PBXGroup;
			children = (
				BC6328181BCB5B01004EA4DA /* Info.plist */,
				BC6328191BCB5B01004EA4DA /* main.m */,
			);
			name = "Supporting Files";
			sourceTree = "<group>";
		};
		BC6328301BCB5B02004EA4DA /* GitDemoTests */ = {
			isa = PBXGroup;
			children = (
				BC6328331BCB5B02004EA4DA /* GitDemoTests.m */,
				BC6328311BCB5B02004EA4DA /* Supporting Files */,
			);
			path = GitDemoTests;
			sourceTree = "<group>";
		};
		BC6328311BCB5B02004EA4DA /* Supporting Files */ = {
			isa = PBXGroup;
			children = (
				BC6328321BCB5B02004EA4DA /* Info.plist */,
			);
			name = "Supporting Files";
			sourceTree = "<group>";
		};
/* End PBXGroup section */

/* Begin PBXNativeTarget section */
		BC6328131BCB5B01004EA4DA /* GitDemo */ = {
			isa = PBXNativeTarget;
			buildConfigurationList = BC6328371BCB5B02004EA4DA /* Build configuration list for PBXNativeTarget "GitDemo" */;
			buildPhases = (
				BC6328101BCB5B01004EA4DA /* Sources */,
				BC6328111BCB5B01004EA4DA /* Frameworks */,
				BC6328121BCB5B01004EA4DA /* Resources */,
			);
			buildRules = (
			);
			dependencies = (
			);
			name = GitDemo;
			productName = GitDemo;
			productReference = BC6328141BCB5B01004EA4DA /* GitDemo.app */;
			productType = "com.apple.product-type.application";
		};
		BC63282C1BCB5B02004EA4DA /* GitDemoTests */ = {
			isa = PBXNativeTarget;
			buildConfigurationList = BC63283A1BCB5B02004EA4DA /* Build configuration list for PBXNativeTarget "GitDemoTests" */;
			buildPhases = (
				BC6328291BCB5B02004EA4DA /* Sources */,
				BC63282A1BCB5B02004EA4DA /* Frameworks */,
				BC63282B1BCB5B02004EA4DA /* Resources */,
			);
			buildRules = (
			);
			dependencies = (
				BC63282F1BCB5B02004EA4DA /* PBXTargetDependency */,
			);
			name = GitDemoTests;
			productName = GitDemoTests;
			productReference = BC63282D1BCB5B02004EA4DA /* GitDemoTests.xctest */;
			productType = "com.apple.product-type.bundle.unit-test";
		};
/* End PBXNativeTarget section */

/* Begin PBXProject section */
		BC63280C1BCB5B01004EA4DA /* Project object */ = {
			isa = PBXProject;
			attributes = {
				LastUpgradeCheck = 0640;
				ORGANIZATIONNAME = "图灵";
				TargetAttributes = {
					BC6328131BCB5B01004EA4DA = {
						CreatedOnToolsVersion = 6.4;
					};
					BC63282C1BCB5B02004EA4DA = {
						CreatedOnToolsVersion = 6.4;
						TestTargetID = BC6328131BCB5B01004EA4DA;
					};
				};
			};
			buildConfigurationList = BC63280F1BCB5B01004EA4DA /* Build configuration list for PBXProject "GitDemo" */;
			compatibilityVersion = "Xcode 3.2";
			developmentRegion = English;
			hasScannedForEncodings = 0;
			knownRegions = (
				en,
				Base,
			);
			mainGroup = BC63280B1BCB5B01004EA4DA;
			productRefGroup = BC6328151BCB5B01004EA4DA /* Products */;
			projectDirPath = "";
			projectRoot = "";
			targets = (
				BC6328131BCB5B01004EA4DA /* GitDemo */,
				BC63282C1BCB5B02004EA4DA /* GitDemoTests */,
			);
		};
/* End PBXProject section */

/* Begin PBXResourcesBuildPhase section */
		BC6328121BCB5B01004EA4DA /* Resources */ = {
			isa = PBXResourcesBuildPhase;
			buildActionMask = 2147483647;
			files = (
				BC6328231BCB5B01004EA4DA /* Main.storyboard in Resources */,
				BC6328281BCB5B01004EA4DA /* LaunchScreen.xib in Resources */,
				BC6328251BCB5B01004EA4DA /* Images.xcassets in Resources */,
			);
			runOnlyForDeploymentPostprocessing = 0;
		};
		BC63282B1BCB5B02004EA4DA /* Resources */ = {
			isa = PBXResourcesBuildPhase;
			buildActionMask = 2147483647;
			files = (
			);
			runOnlyForDeploymentPostprocessing = 0;
		};
/* End PBXResourcesBuildPhase section */

/* Begin PBXSourcesBuildPhase section */
		BC6328101BCB5B01004EA4DA /* Sources */ = {
			isa = PBXSourcesBuildPhase;
			buildActionMask = 2147483647;
			files = (
				BC6328201BCB5B01004EA4DA /* ViewController.m in Sources */,
				BC63281D1BCB5B01004EA4DA /* AppDelegate.m in Sources */,
				BC63281A1BCB5B01004EA4DA /* main.m in Sources */,
			);
			runOnlyForDeploymentPostprocessing = 0;
		};
		BC6328291BCB5B02004EA4DA /* Sources */ = {
			isa = PBXSourcesBuildPhase;
			buildActionMask = 2147483647;
			files = (
				BC6328341BCB5B02004EA4DA /* GitDemoTests.m in Sources */,
			);
			runOnlyForDeploymentPostprocessing = 0;
		};
/* End PBXSourcesBuildPhase section */

/* Begin PBXTargetDependency section */
		BC63282F1BCB5B02004EA4DA /* PBXTargetDependency */ = {
			isa = PBXTargetDependency;
			target = BC6328131BCB5B01004EA4DA /* GitDemo */;
			targetProxy = BC63282E1BCB5B02004EA4DA /* PBXContainerItemProxy */;
		};
/* End PBXTargetDependency section */

/* Begin PBXVariantGroup section */
		BC6328211BCB5B01004EA4DA /* Main.storyboard */ = {
			isa = PBXVariantGroup;
			children = (
				BC6328221BCB5B01004EA4DA /* Base */,
			);
			name = Main.storyboard;
			sourceTree = "<group>";
		};
		BC6328261BCB5B01004EA4DA /* LaunchScreen.xib */ = {
			isa = PBXVariantGroup;
			children = (
				BC6328271BCB5B01004EA4DA /* Base */,
			);
			name = LaunchScreen.xib;
			sourceTree = "<group>";
		};
/* End PBXVariantGroup section */

/* Begin XCBuildConfiguration section */
		BC6328351BCB5B02004EA4DA /* Debug */ = {
			isa = XCBuildConfiguration;
			buildSettings = {
				ALWAYS_SEARCH_USER_PATHS = NO;
				CLANG_CXX_LANGUAGE_STANDARD = "gnu++0x";
				CLANG_CXX_LIBRARY = "libc++";
				CLANG_ENABLE_MODULES = YES;
				CLANG_ENABLE_OBJC_ARC = YES;
				CLANG_WARN_BOOL_CONVERSION = YES;
				CLANG_WARN_CONSTANT_CONVERSION = YES;
				CLANG_WARN_DIRECT_OBJC_ISA_USAGE = YES_ERROR;
				CLANG_WARN_EMPTY_BODY = YES;
				CLANG_WARN_ENUM_CONVERSION = YES;
				CLANG_WARN_INT_CONVERSION = YES;
				CLANG_WARN_OBJC_ROOT_CLASS = YES_ERROR;
				CLANG_WARN_UNREACHABLE_CODE = YES;
				CLANG_WARN__DUPLICATE_METHOD_MATCH = YES;
				"CODE_SIGN_IDENTITY[sdk=iphoneos*]" = "iPhone Developer";
				COPY_PHASE_STRIP = NO;
				DEBUG_INFORMATION_FORMAT = "dwarf-with-dsym";
				ENABLE_STRICT_OBJC_MSGSEND = YES;
				GCC_C_LANGUAGE_STANDARD = gnu99;
				GCC_DYNAMIC_NO_PIC = NO;
				GCC_NO_COMMON_BLOCKS = YES;
				GCC_OPTIMIZATION_LEVEL = 0;
				GCC_PREPROCESSOR_DEFINITIONS = (
					"DEBUG=1",
					"$(inherited)",
				);
				GCC_SYMBOLS_PRIVATE_EXTERN = NO;
				GCC_WARN_64_TO_32_BIT_CONVERSION = YES;
				GCC_WARN_ABOUT_RETURN_TYPE = YES_ERROR;
				GCC_WARN_UNDECLARED_SELECTOR = YES;
				GCC_WARN_UNINITIALIZED_AUTOS = YES_AGGRESSIVE;
				GCC_WARN_UNUSED_FUNCTION = YES;
				GCC_WARN_UNUSED_VARIABLE = YES;
				IPHONEOS_DEPLOYMENT_TARGET = 8.4;
				MTL_ENABLE_DEBUG_INFO = YES;
				ONLY_ACTIVE_ARCH = YES;
				SDKROOT = iphoneos;
			};
			name = Debug;
		};
		BC6328361BCB5B02004EA4DA /* Release */ = {
			isa = XCBuildConfiguration;
			buildSettings = {
				ALWAYS_SEARCH_USER_PATHS = NO;
				CLANG_CXX_LANGUAGE_STANDARD = "gnu++0x";
				CLANG_CXX_LIBRARY = "libc++";
				CLANG_ENABLE_MODULES = YES;
				CLANG_ENABLE_OBJC_ARC = YES;
				CLANG_WARN_BOOL_CONVERSION = YES;
				CLANG_WARN_CONSTANT_CONVERSION = YES;
				CLANG_WARN_DIRECT_OBJC_ISA_USAGE = YES_ERROR;
				CLANG_WARN_EMPTY_BODY = YES;
				CLANG_WARN_ENUM_CONVERSION = YES;
				CLANG_WARN_INT_CONVERSION = YES;
				CLANG_WARN_OBJC_ROOT_CLASS = YES_ERROR;
				CLANG_WARN_UNREACHABLE_CODE = YES;
				CLANG_WARN__DUPLICATE_METHOD_MATCH = YES;
				"CODE_SIGN_IDENTITY[sdk=iphoneos*]" = "iPhone Developer";
				COPY_PHASE_STRIP = NO;
				DEBUG_INFORMATION_FORMAT = "dwarf-with-dsym";
				ENABLE_NS_ASSERTIONS = NO;
				ENABLE_STRICT_OBJC_MSGSEND = YES;
				GCC_C_LANGUAGE_STANDARD = gnu99;
				GCC_NO_COMMON_BLOCKS = YES;
				GCC_WARN_64_TO_32_BIT_CONVERSION = YES;
				GCC_WARN_ABOUT_RETURN_TYPE = YES_ERROR;
				GCC_WARN_UNDECLARED_SELECTOR = YES;
				GCC_WARN_UNINITIALIZED_AUTOS = YES_AGGRESSIVE;
				GCC_WARN_UNUSED_FUNCTION = YES;
				GCC_WARN_UNUSED_VARIABLE = YES;
				IPHONEOS_DEPLOYMENT_TARGET = 8.4;
				MTL_ENABLE_DEBUG_INFO = NO;
				SDKROOT = iphoneos;
				VALIDATE_PRODUCT = YES;
			};
			name = Release;
		};
		BC6328381BCB5B02004EA4DA /* Debug */ = {
			isa = XCBuildConfiguration;
			buildSettings = {
				ASSETCATALOG_COMPILER_APPICON_NAME = AppIcon;
				INFOPLIST_FILE = GitDemo/Info.plist;
				LD_RUNPATH_SEARCH_PATHS = "$(inherited) @executable_path/Frameworks";
				PRODUCT_NAME = "$(TARGET_NAME)";
			};
			name = Debug;
		};
		BC6328391BCB5B02004EA4DA /* Release */ = {
			isa = XCBuildConfiguration;
			buildSettings = {
				ASSETCATALOG_COMPILER_APPICON_NAME = AppIcon;
				INFOPLIST_FILE = GitDemo/Info.plist;
				LD_RUNPATH_SEARCH_PATHS = "$(inherited) @executable_path/Frameworks";
				PRODUCT_NAME = "$(TARGET_NAME)";
			};
			name = Release;
		};
		BC63283B1BCB5B02004EA4DA /* Debug */ = {
			isa = XCBuildConfiguration;
			buildSettings = {
				BUNDLE_LOADER = "$(TEST_HOST)";
				FRAMEWORK_SEARCH_PATHS = (
					"$(SDKROOT)/Developer/Library/Frameworks",
					"$(inherited)",
				);
				GCC_PREPROCESSOR_DEFINITIONS = (
					"DEBUG=1",
					"$(inherited)",
				);
				INFOPLIST_FILE = GitDemoTests/Info.plist;
				LD_RUNPATH_SEARCH_PATHS = "$(inherited) @executable_path/Frameworks @loader_path/Frameworks";
				PRODUCT_NAME = "$(TARGET_NAME)";
				TEST_HOST = "$(BUILT_PRODUCTS_DIR)/GitDemo.app/GitDemo";
			};
			name = Debug;
		};
		BC63283C1BCB5B02004EA4DA /* Release */ = {
			isa = XCBuildConfiguration;
			buildSettings = {
				BUNDLE_LOADER = "$(TEST_HOST)";
				FRAMEWORK_SEARCH_PATHS = (
					"$(SDKROOT)/Developer/Library/Frameworks",
					"$(inherited)",
				);
				INFOPLIST_FILE = GitDemoTests/Info.plist;
				LD_RUNPATH_SEARCH_PATHS = "$(inherited) @executable_path/Frameworks @loader_path/Frameworks";
				PRODUCT_NAME = "$(TARGET_NAME)";
				TEST_HOST = "$(BUILT_PRODUCTS_DIR)/GitDemo.app/GitDemo";
			};
			name = Release;
		};
/* End XCBuildConfiguration section */

/* Begin XCConfigurationList section */
		BC63280F1BCB5B01004EA4DA /* Build configuration list for PBXProject "GitDemo" */ = {
			isa = XCConfigurationList;
			buildConfigurations = (
				BC6328351BCB5B02004EA4DA /* Debug */,
				BC6328361BCB5B02004EA4DA /* Release */,
			);
			defaultConfigurationIsVisible = 0;
			defaultConfigurationName = Release;
		};
		BC6328371BCB5B02004EA4DA /* Build configuration list for PBXNativeTarget "GitDemo" */ = {
			isa = XCConfigurationList;
			buildConfigurations = (
				BC6328381BCB5B02004EA4DA /* Debug */,
				BC6328391BCB5B02004EA4DA /* Release */,
			);
			defaultConfigurationIsVisible = 0;
		};
		BC63283A1BCB5B02004EA4DA /* Build configuration list for PBXNativeTarget "GitDemoTests" */ = {
			isa = XCConfigurationList;
			buildConfigurations = (
				BC63283B1BCB5B02004EA4DA /* Debug */,
				BC63283C1BCB5B02004EA4DA /* Release */,
			);
			defaultConfigurationIsVisible = 0;
		};
/* End XCConfigurationList section */
	};
	rootObject = BC63280C1BCB5B01004EA4DA /* Project object */;
}
